
Microsoft Visual Studio Solution File, Format Version 12.00
# Visual Studio Version 16
VisualStudioVersion = 16.0.33423.256
MinimumVisualStudioVersion = 10.0.40219.1
Project("{8BC9CEB8-8B4A-11D0-8D11-00A0C91BC942}") = "catch2jest", "catch2jest\catch2jest.vcxproj", "{1411CAF2-8192-46BE-8DC3-58762E859769}"
EndProject
Project("{2150E333-8FDC-42A3-9474-1A3956D46DE8}") = "Solution Items", "Solution Items", "{DD93EE0B-7B3B-4883-A526-75FCC9EB6347}"
	ProjectSection(SolutionItems) = preProject
		.clang-format = .clang-format
	EndProjectSection
EndProject
Global
	GlobalSection(SolutionConfigurationPlatforms) = preSolution
		Debug|x64 = Debug|x64
		Debug|x86 = Debug|x86
		Release|x64 = Release|x64
		Release|x86 = Release|x86
	EndGlobalSection
	GlobalSection(ProjectConfigurationPlatforms) = postSolution
		{1411CAF2-8192-46BE-8DC3-58762E859769}.Debug|x64.ActiveCfg = Debug|x64
		{1411CAF2-8192-46BE-8DC3-58762E859769}.Debug|x64.Build.0 = Debug|x64
		{1411CAF2-8192-46BE-8DC3-58762E859769}.Debug|x86.ActiveCfg = Debug|Win32
		{1411CAF2-8192-46BE-8DC3-58762E859769}.Debug|x86.Build.0 = Debug|Win32
		{1411CAF2-8192-46BE-8DC3-58762E859769}.Release|x64.ActiveCfg = Release|x64
		{1411CAF2-8192-46BE-8DC3-58762E859769}.Release|x64.Build.0 = Release|x64
		{1411CAF2-8192-46BE-8DC3-58762E859769}.Release|x86.ActiveCfg = Release|Win32
		{1411CAF2-8192-46BE-8DC3-58762E859769}.Release|x86.Build.0 = Release|Win32
	EndGlobalSection
	GlobalSection(SolutionProperties) = preSolution
		HideSolutionNode = FALSE
	EndGlobalSection
	GlobalSection(ExtensibilityGlobals) = postSolution
		SolutionGuid = {3434ACC3-C0B1-4C7E-9A0A-3B1A82DFE137}
	EndGlobalSection
EndGlobal
